{
  "name": "MyPortfolio",
  "lockfileVersion": 2,
  "requires": true,
  "packages": {
    "": {
      "dependencies": {
        "material-symbols": "^0.17.1"
      }
    },
    "node_modules/material-symbols": {
      "version": "0.17.1",
      "resolved": "https://registry.npmjs.org/material-symbols/-/material-symbols-0.17.1.tgz",
      "integrity": "sha512-1kJan8t3U3Fmuu/YPu2MVsL/ODSja71o+J7ODROQfMaCzzal0izY4SATafEKgXUXU+jL0zIiBQdyzsno7vXBvA=="
    }
  },
  "dependencies": {
    "material-symbols": {
      "version": "0.17.1",
      "resolved": "https://registry.npmjs.org/material-symbols/-/material-symbols-0.17.1.tgz",
      "integrity": "sha512-1kJan8t3U3Fmuu/YPu2MVsL/ODSja71o+J7ODROQfMaCzzal0izY4SATafEKgXUXU+jL0zIiBQdyzsno7vXBvA=="
    }
  }
}
